
Microsoft Visual Studio Solution File, Format Version 12.00
# Visual Studio Version 16
VisualStudioVersion = 16.0.33927.289
MinimumVisualStudioVersion = 10.0.40219.1
Project("{FAE04EC0-301F-11D3-BF4B-00C04F79EFBC}") = "CODE BASED TEST 4 A", "CODE BASED TEST 4 A\CODE BASED TEST 4 A.csproj", "{6FE197A9-686A-46AB-9848-D895630115F2}"
EndProject
Global
	GlobalSection(SolutionConfigurationPlatforms) = preSolution
		Debug|Any CPU = Debug|Any CPU
		Release|Any CPU = Release|Any CPU
	EndGlobalSection
	GlobalSection(ProjectConfigurationPlatforms) = postSolution
		{6FE197A9-686A-46AB-9848-D895630115F2}.Debug|Any CPU.ActiveCfg = Debug|Any CPU
		{6FE197A9-686A-46AB-9848-D895630115F2}.Debug|Any CPU.Build.0 = Debug|Any CPU
		{6FE197A9-686A-46AB-9848-D895630115F2}.Release|Any CPU.ActiveCfg = Release|Any CPU
		{6FE197A9-686A-46AB-9848-D895630115F2}.Release|Any CPU.Build.0 = Release|Any CPU
	EndGlobalSection
	GlobalSection(SolutionProperties) = preSolution
		HideSolutionNode = FALSE
	EndGlobalSection
	GlobalSection(ExtensibilityGlobals) = postSolution
		SolutionGuid = {6235564A-0C91-423C-A735-0E1BE2A62EA9}
	EndGlobalSection
EndGlobal
