
Microsoft Visual Studio Solution File, Format Version 12.00
# Visual Studio Version 16
VisualStudioVersion = 16.0.33927.289
MinimumVisualStudioVersion = 10.0.40219.1
Project("{FAE04EC0-301F-11D3-BF4B-00C04F79EFBC}") = "ASP Ass 1", "ASP Ass 1\ASP Ass 1.csproj", "{2800F1DB-AFD0-4099-9532-FDAFFA995C22}"
EndProject
Global
	GlobalSection(SolutionConfigurationPlatforms) = preSolution
		Debug|Any CPU = Debug|Any CPU
		Release|Any CPU = Release|Any CPU
	EndGlobalSection
	GlobalSection(ProjectConfigurationPlatforms) = postSolution
		{2800F1DB-AFD0-4099-9532-FDAFFA995C22}.Debug|Any CPU.ActiveCfg = Debug|Any CPU
		{2800F1DB-AFD0-4099-9532-FDAFFA995C22}.Debug|Any CPU.Build.0 = Debug|Any CPU
		{2800F1DB-AFD0-4099-9532-FDAFFA995C22}.Release|Any CPU.ActiveCfg = Release|Any CPU
		{2800F1DB-AFD0-4099-9532-FDAFFA995C22}.Release|Any CPU.Build.0 = Release|Any CPU
	EndGlobalSection
	GlobalSection(SolutionProperties) = preSolution
		HideSolutionNode = FALSE
	EndGlobalSection
	GlobalSection(ExtensibilityGlobals) = postSolution
		SolutionGuid = {B9C95673-1D85-48BF-9540-11081AF48EC4}
	EndGlobalSection
EndGlobal
