
Microsoft Visual Studio Solution File, Format Version 12.00
# Visual Studio Version 16
VisualStudioVersion = 16.0.33927.289
MinimumVisualStudioVersion = 10.0.40219.1
Project("{FAE04EC0-301F-11D3-BF4B-00C04F79EFBC}") = "ADO Codebase 6 c,d", "ADO Codebase 6 c,d\ADO Codebase 6 c,d.csproj", "{3E6CC521-9856-4479-9E40-8999BB04A2EA}"
EndProject
Global
	GlobalSection(SolutionConfigurationPlatforms) = preSolution
		Debug|Any CPU = Debug|Any CPU
		Release|Any CPU = Release|Any CPU
	EndGlobalSection
	GlobalSection(ProjectConfigurationPlatforms) = postSolution
		{3E6CC521-9856-4479-9E40-8999BB04A2EA}.Debug|Any CPU.ActiveCfg = Debug|Any CPU
		{3E6CC521-9856-4479-9E40-8999BB04A2EA}.Debug|Any CPU.Build.0 = Debug|Any CPU
		{3E6CC521-9856-4479-9E40-8999BB04A2EA}.Release|Any CPU.ActiveCfg = Release|Any CPU
		{3E6CC521-9856-4479-9E40-8999BB04A2EA}.Release|Any CPU.Build.0 = Release|Any CPU
	EndGlobalSection
	GlobalSection(SolutionProperties) = preSolution
		HideSolutionNode = FALSE
	EndGlobalSection
	GlobalSection(ExtensibilityGlobals) = postSolution
		SolutionGuid = {6D348EC1-3EF8-4A8F-925B-788F782B7103}
	EndGlobalSection
EndGlobal
