
Microsoft Visual Studio Solution File, Format Version 12.00
# Visual Studio Version 16
VisualStudioVersion = 16.0.33927.289
MinimumVisualStudioVersion = 10.0.40219.1
Project("{FAE04EC0-301F-11D3-BF4B-00C04F79EFBC}") = "CASE Study1", "CASE Study1\CASE Study1.csproj", "{132A1466-7D73-460F-94DC-30EBEE2504C4}"
EndProject
Global
	GlobalSection(SolutionConfigurationPlatforms) = preSolution
		Debug|Any CPU = Debug|Any CPU
		Release|Any CPU = Release|Any CPU
	EndGlobalSection
	GlobalSection(ProjectConfigurationPlatforms) = postSolution
		{132A1466-7D73-460F-94DC-30EBEE2504C4}.Debug|Any CPU.ActiveCfg = Debug|Any CPU
		{132A1466-7D73-460F-94DC-30EBEE2504C4}.Debug|Any CPU.Build.0 = Debug|Any CPU
		{132A1466-7D73-460F-94DC-30EBEE2504C4}.Release|Any CPU.ActiveCfg = Release|Any CPU
		{132A1466-7D73-460F-94DC-30EBEE2504C4}.Release|Any CPU.Build.0 = Release|Any CPU
	EndGlobalSection
	GlobalSection(SolutionProperties) = preSolution
		HideSolutionNode = FALSE
	EndGlobalSection
	GlobalSection(ExtensibilityGlobals) = postSolution
		SolutionGuid = {320F6B5D-7C58-48B7-910E-A259A5B17CA2}
	EndGlobalSection
EndGlobal
