
Microsoft Visual Studio Solution File, Format Version 12.00
# Visual Studio Version 16
VisualStudioVersion = 16.0.33927.289
MinimumVisualStudioVersion = 10.0.40219.1
Project("{FAE04EC0-301F-11D3-BF4B-00C04F79EFBC}") = "C SHARP CODE BASED TEST 3 B", "C SHARP CODE BASED TEST 3 B\C SHARP CODE BASED TEST 3 B.csproj", "{692AFFD6-98E7-48F1-95BA-B2FD5BEA2BB2}"
EndProject
Global
	GlobalSection(SolutionConfigurationPlatforms) = preSolution
		Debug|Any CPU = Debug|Any CPU
		Release|Any CPU = Release|Any CPU
	EndGlobalSection
	GlobalSection(ProjectConfigurationPlatforms) = postSolution
		{692AFFD6-98E7-48F1-95BA-B2FD5BEA2BB2}.Debug|Any CPU.ActiveCfg = Debug|Any CPU
		{692AFFD6-98E7-48F1-95BA-B2FD5BEA2BB2}.Debug|Any CPU.Build.0 = Debug|Any CPU
		{692AFFD6-98E7-48F1-95BA-B2FD5BEA2BB2}.Release|Any CPU.ActiveCfg = Release|Any CPU
		{692AFFD6-98E7-48F1-95BA-B2FD5BEA2BB2}.Release|Any CPU.Build.0 = Release|Any CPU
	EndGlobalSection
	GlobalSection(SolutionProperties) = preSolution
		HideSolutionNode = FALSE
	EndGlobalSection
	GlobalSection(ExtensibilityGlobals) = postSolution
		SolutionGuid = {342B215A-4E34-4EC1-BB22-E724F3862DDB}
	EndGlobalSection
EndGlobal
