
Microsoft Visual Studio Solution File, Format Version 12.00
# Visual Studio Version 16
VisualStudioVersion = 16.0.33927.289
MinimumVisualStudioVersion = 10.0.40219.1
Project("{FAE04EC0-301F-11D3-BF4B-00C04F79EFBC}") = "WebApi_Assignment1", "WebApi_Assignment1\WebApi_Assignment1.csproj", "{A056524E-F94E-401E-B1CA-ED18D7517BF3}"
EndProject
Global
	GlobalSection(SolutionConfigurationPlatforms) = preSolution
		Debug|Any CPU = Debug|Any CPU
		Release|Any CPU = Release|Any CPU
	EndGlobalSection
	GlobalSection(ProjectConfigurationPlatforms) = postSolution
		{A056524E-F94E-401E-B1CA-ED18D7517BF3}.Debug|Any CPU.ActiveCfg = Debug|Any CPU
		{A056524E-F94E-401E-B1CA-ED18D7517BF3}.Debug|Any CPU.Build.0 = Debug|Any CPU
		{A056524E-F94E-401E-B1CA-ED18D7517BF3}.Release|Any CPU.ActiveCfg = Release|Any CPU
		{A056524E-F94E-401E-B1CA-ED18D7517BF3}.Release|Any CPU.Build.0 = Release|Any CPU
	EndGlobalSection
	GlobalSection(SolutionProperties) = preSolution
		HideSolutionNode = FALSE
	EndGlobalSection
	GlobalSection(ExtensibilityGlobals) = postSolution
		SolutionGuid = {84028156-37A8-4227-8619-5873A450EDB5}
	EndGlobalSection
EndGlobal
