
Microsoft Visual Studio Solution File, Format Version 12.00
# Visual Studio Version 16
VisualStudioVersion = 16.0.33927.289
MinimumVisualStudioVersion = 10.0.40219.1
Project("{FAE04EC0-301F-11D3-BF4B-00C04F79EFBC}") = "new crud", "new crud\new crud.csproj", "{605E5D30-31BF-43AC-B9AC-DDF1E7AF66DC}"
EndProject
Global
	GlobalSection(SolutionConfigurationPlatforms) = preSolution
		Debug|Any CPU = Debug|Any CPU
		Release|Any CPU = Release|Any CPU
	EndGlobalSection
	GlobalSection(ProjectConfigurationPlatforms) = postSolution
		{605E5D30-31BF-43AC-B9AC-DDF1E7AF66DC}.Debug|Any CPU.ActiveCfg = Debug|Any CPU
		{605E5D30-31BF-43AC-B9AC-DDF1E7AF66DC}.Debug|Any CPU.Build.0 = Debug|Any CPU
		{605E5D30-31BF-43AC-B9AC-DDF1E7AF66DC}.Release|Any CPU.ActiveCfg = Release|Any CPU
		{605E5D30-31BF-43AC-B9AC-DDF1E7AF66DC}.Release|Any CPU.Build.0 = Release|Any CPU
	EndGlobalSection
	GlobalSection(SolutionProperties) = preSolution
		HideSolutionNode = FALSE
	EndGlobalSection
	GlobalSection(ExtensibilityGlobals) = postSolution
		SolutionGuid = {5757DFDF-3209-47E0-860E-59D3BE9DBD2F}
	EndGlobalSection
EndGlobal
