
Microsoft Visual Studio Solution File, Format Version 12.00
# Visual Studio Version 16
VisualStudioVersion = 16.0.33927.289
MinimumVisualStudioVersion = 10.0.40219.1
Project("{FAE04EC0-301F-11D3-BF4B-00C04F79EFBC}") = "ASS 5D", "ASS 5D\ASS 5D.csproj", "{76AA14E8-9568-495B-A48F-7DCA7A3AC018}"
EndProject
Global
	GlobalSection(SolutionConfigurationPlatforms) = preSolution
		Debug|Any CPU = Debug|Any CPU
		Release|Any CPU = Release|Any CPU
	EndGlobalSection
	GlobalSection(ProjectConfigurationPlatforms) = postSolution
		{76AA14E8-9568-495B-A48F-7DCA7A3AC018}.Debug|Any CPU.ActiveCfg = Debug|Any CPU
		{76AA14E8-9568-495B-A48F-7DCA7A3AC018}.Debug|Any CPU.Build.0 = Debug|Any CPU
		{76AA14E8-9568-495B-A48F-7DCA7A3AC018}.Release|Any CPU.ActiveCfg = Release|Any CPU
		{76AA14E8-9568-495B-A48F-7DCA7A3AC018}.Release|Any CPU.Build.0 = Release|Any CPU
	EndGlobalSection
	GlobalSection(SolutionProperties) = preSolution
		HideSolutionNode = FALSE
	EndGlobalSection
	GlobalSection(ExtensibilityGlobals) = postSolution
		SolutionGuid = {DF7E1EB9-521A-4D79-B498-D4458E7F3AEE}
	EndGlobalSection
EndGlobal
