
Microsoft Visual Studio Solution File, Format Version 12.00
# Visual Studio Version 16
VisualStudioVersion = 16.0.33927.289
MinimumVisualStudioVersion = 10.0.40219.1
Project("{FAE04EC0-301F-11D3-BF4B-00C04F79EFBC}") = "Remotingclient", "Remotingclient\Remotingclient.csproj", "{8C64C6DF-A17E-4A29-83F2-8C622BFA5664}"
EndProject
Global
	GlobalSection(SolutionConfigurationPlatforms) = preSolution
		Debug|Any CPU = Debug|Any CPU
		Release|Any CPU = Release|Any CPU
	EndGlobalSection
	GlobalSection(ProjectConfigurationPlatforms) = postSolution
		{8C64C6DF-A17E-4A29-83F2-8C622BFA5664}.Debug|Any CPU.ActiveCfg = Debug|Any CPU
		{8C64C6DF-A17E-4A29-83F2-8C622BFA5664}.Debug|Any CPU.Build.0 = Debug|Any CPU
		{8C64C6DF-A17E-4A29-83F2-8C622BFA5664}.Release|Any CPU.ActiveCfg = Release|Any CPU
		{8C64C6DF-A17E-4A29-83F2-8C622BFA5664}.Release|Any CPU.Build.0 = Release|Any CPU
	EndGlobalSection
	GlobalSection(SolutionProperties) = preSolution
		HideSolutionNode = FALSE
	EndGlobalSection
	GlobalSection(ExtensibilityGlobals) = postSolution
		SolutionGuid = {C335EDB2-B3A7-4F10-8B9B-EA606F6026E7}
	EndGlobalSection
EndGlobal
