
Microsoft Visual Studio Solution File, Format Version 12.00
# Visual Studio Version 16
VisualStudioVersion = 16.0.33927.289
MinimumVisualStudioVersion = 10.0.40219.1
Project("{FAE04EC0-301F-11D3-BF4B-00C04F79EFBC}") = "Remotingserver", "Remotingserver\Remotingserver.csproj", "{7E764524-9B26-4DD9-8D9F-18B7436B5D91}"
EndProject
Global
	GlobalSection(SolutionConfigurationPlatforms) = preSolution
		Debug|Any CPU = Debug|Any CPU
		Release|Any CPU = Release|Any CPU
	EndGlobalSection
	GlobalSection(ProjectConfigurationPlatforms) = postSolution
		{7E764524-9B26-4DD9-8D9F-18B7436B5D91}.Debug|Any CPU.ActiveCfg = Debug|Any CPU
		{7E764524-9B26-4DD9-8D9F-18B7436B5D91}.Debug|Any CPU.Build.0 = Debug|Any CPU
		{7E764524-9B26-4DD9-8D9F-18B7436B5D91}.Release|Any CPU.ActiveCfg = Release|Any CPU
		{7E764524-9B26-4DD9-8D9F-18B7436B5D91}.Release|Any CPU.Build.0 = Release|Any CPU
	EndGlobalSection
	GlobalSection(SolutionProperties) = preSolution
		HideSolutionNode = FALSE
	EndGlobalSection
	GlobalSection(ExtensibilityGlobals) = postSolution
		SolutionGuid = {3E51FF83-43F1-405B-A641-BAE9BB54978C}
	EndGlobalSection
EndGlobal
